
Microsoft Visual Studio Solution File, Format Version 12.00
# Visual Studio Version 17
VisualStudioVersion = 17.6.33723.286
MinimumVisualStudioVersion = 10.0.40219.1
Project("{FAE04EC0-301F-11D3-BF4B-00C04F79EFBC}") = "MusicGenreRecommendation", "MusicGenreRecommendation\MusicGenreRecommendation.csproj", "{DA95D32B-4AEB-48A7-899B-2C5CE0DECBF6}"
EndProject
Global
	GlobalSection(SolutionConfigurationPlatforms) = preSolution
		Debug|Any CPU = Debug|Any CPU
		Release|Any CPU = Release|Any CPU
	EndGlobalSection
	GlobalSection(ProjectConfigurationPlatforms) = postSolution
		{DA95D32B-4AEB-48A7-899B-2C5CE0DECBF6}.Debug|Any CPU.ActiveCfg = Debug|Any CPU
		{DA95D32B-4AEB-48A7-899B-2C5CE0DECBF6}.Debug|Any CPU.Build.0 = Debug|Any CPU
		{DA95D32B-4AEB-48A7-899B-2C5CE0DECBF6}.Release|Any CPU.ActiveCfg = Release|Any CPU
		{DA95D32B-4AEB-48A7-899B-2C5CE0DECBF6}.Release|Any CPU.Build.0 = Release|Any CPU
	EndGlobalSection
	GlobalSection(SolutionProperties) = preSolution
		HideSolutionNode = FALSE
	EndGlobalSection
	GlobalSection(ExtensibilityGlobals) = postSolution
		SolutionGuid = {FBD73186-8131-4229-9145-B4588A53676B}
	EndGlobalSection
EndGlobal
